
Microsoft Visual Studio Solution File, Format Version 12.00
# Visual Studio Version 16
VisualStudioVersion = 16.0.32407.337
MinimumVisualStudioVersion = 10.0.40219.1
Project("{FAE04EC0-301F-11D3-BF4B-00C04F79EFBC}") = "Lab1", "Lab1\Lab1.csproj", "{BF81E251-A5C8-4320-A1FA-3583C6096FCE}"
EndProject
Global
	GlobalSection(SolutionConfigurationPlatforms) = preSolution
		Debug|Any CPU = Debug|Any CPU
		Release|Any CPU = Release|Any CPU
	EndGlobalSection
	GlobalSection(ProjectConfigurationPlatforms) = postSolution
		{BF81E251-A5C8-4320-A1FA-3583C6096FCE}.Debug|Any CPU.ActiveCfg = Debug|Any CPU
		{BF81E251-A5C8-4320-A1FA-3583C6096FCE}.Debug|Any CPU.Build.0 = Debug|Any CPU
		{BF81E251-A5C8-4320-A1FA-3583C6096FCE}.Release|Any CPU.ActiveCfg = Release|Any CPU
		{BF81E251-A5C8-4320-A1FA-3583C6096FCE}.Release|Any CPU.Build.0 = Release|Any CPU
	EndGlobalSection
	GlobalSection(SolutionProperties) = preSolution
		HideSolutionNode = FALSE
	EndGlobalSection
	GlobalSection(ExtensibilityGlobals) = postSolution
		SolutionGuid = {8BD213BE-5E0C-4698-9DF2-C04AFDA34AB0}
	EndGlobalSection
EndGlobal
